
Microsoft Visual Studio Solution File, Format Version 12.00
# Visual Studio Version 17
VisualStudioVersion = 17.12.35506.116 d17.12
MinimumVisualStudioVersion = 10.0.40219.1
Project("{FAE04EC0-301F-11D3-BF4B-00C04F79EFBC}") = "CapaPresentacion", "CapaPresentacion\CapaPresentacion.csproj", "{A864E287-DEBE-498C-A1A8-CFB231B47147}"
EndProject
Project("{FAE04EC0-301F-11D3-BF4B-00C04F79EFBC}") = "CapaEntidad", "CapaEntidad\CapaEntidad.csproj", "{0AEE23B5-D84F-49A9-9844-BEEF8F32E019}"
EndProject
Project("{FAE04EC0-301F-11D3-BF4B-00C04F79EFBC}") = "CapaNegocio", "CapaNegocio\CapaNegocio.csproj", "{24724BA5-C7BC-47FB-80FF-F9E5277A56E2}"
EndProject
Project("{FAE04EC0-301F-11D3-BF4B-00C04F79EFBC}") = "CapaDatos", "CapaDatos\CapaDatos.csproj", "{3417205C-27BF-4532-8F6F-E3AAA0BFD21E}"
EndProject
Global
	GlobalSection(SolutionConfigurationPlatforms) = preSolution
		Debug|Any CPU = Debug|Any CPU
		Release|Any CPU = Release|Any CPU
	EndGlobalSection
	GlobalSection(ProjectConfigurationPlatforms) = postSolution
		{A864E287-DEBE-498C-A1A8-CFB231B47147}.Debug|Any CPU.ActiveCfg = Debug|Any CPU
		{A864E287-DEBE-498C-A1A8-CFB231B47147}.Debug|Any CPU.Build.0 = Debug|Any CPU
		{A864E287-DEBE-498C-A1A8-CFB231B47147}.Release|Any CPU.ActiveCfg = Release|Any CPU
		{A864E287-DEBE-498C-A1A8-CFB231B47147}.Release|Any CPU.Build.0 = Release|Any CPU
		{0AEE23B5-D84F-49A9-9844-BEEF8F32E019}.Debug|Any CPU.ActiveCfg = Debug|Any CPU
		{0AEE23B5-D84F-49A9-9844-BEEF8F32E019}.Debug|Any CPU.Build.0 = Debug|Any CPU
		{0AEE23B5-D84F-49A9-9844-BEEF8F32E019}.Release|Any CPU.ActiveCfg = Release|Any CPU
		{0AEE23B5-D84F-49A9-9844-BEEF8F32E019}.Release|Any CPU.Build.0 = Release|Any CPU
		{24724BA5-C7BC-47FB-80FF-F9E5277A56E2}.Debug|Any CPU.ActiveCfg = Debug|Any CPU
		{24724BA5-C7BC-47FB-80FF-F9E5277A56E2}.Debug|Any CPU.Build.0 = Debug|Any CPU
		{24724BA5-C7BC-47FB-80FF-F9E5277A56E2}.Release|Any CPU.ActiveCfg = Release|Any CPU
		{24724BA5-C7BC-47FB-80FF-F9E5277A56E2}.Release|Any CPU.Build.0 = Release|Any CPU
		{3417205C-27BF-4532-8F6F-E3AAA0BFD21E}.Debug|Any CPU.ActiveCfg = Debug|Any CPU
		{3417205C-27BF-4532-8F6F-E3AAA0BFD21E}.Debug|Any CPU.Build.0 = Debug|Any CPU
		{3417205C-27BF-4532-8F6F-E3AAA0BFD21E}.Release|Any CPU.ActiveCfg = Release|Any CPU
		{3417205C-27BF-4532-8F6F-E3AAA0BFD21E}.Release|Any CPU.Build.0 = Release|Any CPU
	EndGlobalSection
	GlobalSection(SolutionProperties) = preSolution
		HideSolutionNode = FALSE
	EndGlobalSection
EndGlobal
